
Microsoft Visual Studio Solution File, Format Version 12.00
# Visual Studio 2012
Project("{FAE04EC0-301F-11D3-BF4B-00C04F79EFBC}") = "CSharpFundamentals", "CSharpFundamentals\CSharpFundamentals.csproj", "{0C05A278-C151-40BD-AA11-29D9EBA9352E}"
EndProject
Global
	GlobalSection(SolutionConfigurationPlatforms) = preSolution
		Debug|Any CPU = Debug|Any CPU
		Release|Any CPU = Release|Any CPU
	EndGlobalSection
	GlobalSection(ProjectConfigurationPlatforms) = postSolution
		{0C05A278-C151-40BD-AA11-29D9EBA9352E}.Debug|Any CPU.ActiveCfg = Debug|Any CPU
		{0C05A278-C151-40BD-AA11-29D9EBA9352E}.Debug|Any CPU.Build.0 = Debug|Any CPU
		{0C05A278-C151-40BD-AA11-29D9EBA9352E}.Release|Any CPU.ActiveCfg = Release|Any CPU
		{0C05A278-C151-40BD-AA11-29D9EBA9352E}.Release|Any CPU.Build.0 = Release|Any CPU
	EndGlobalSection
EndGlobal
